<Solution>
  <Folder Name="/src/">
    <Project Path="src/Application/GithubCopilotAgent.Application.csproj" />
    <Project Path="src/Infrastructure/GithubCopilotAgent.Infrastructure.csproj" />
    <Project Path="src/Cli/GithubCopilotAgent.Cli.csproj" />
  </Folder>
  <Folder Name="/tests/">
    <Project Path="tests/GithubCopilotAgent.Tests.csproj" />
  </Folder>
</Solution>
